{
    "_meta": {
        "hash": {
            "sha256": "74f92d76f687bb774828613a3a513123fe2ffdb429b95b351d29721dddfd3fb8"
        },
        "pipfile-spec": 6,
        "requires": {
            "python_version": "3.10"
        },
        "sources": [
            {
                "name": "pypi",
                "url": "https://pypi.org/simple",
                "verify_ssl": true
            }
        ]
    },
    "default": {},
    "develop": {}
}
